// !$*UTF8*$!
{
	archiveVersion = 1;
	classes = {
	};
	objectVersion = 50;
	objects = {

/* Begin PBXBuildFile section */
		D0AFDA4C8A2727B2A56D432C /* Pods_inchurch_ios_challenge.framework in Frameworks */ = {isa = PBXBuildFile; fileRef = ADAF82B066978D671283B05F /* Pods_inchurch_ios_challenge.framework */; };
		F26E04CE243C0D7B0008CCDF /* AppDelegate.swift in Sources */ = {isa = PBXBuildFile; fileRef = F26E04CD243C0D7B0008CCDF /* AppDelegate.swift */; };
		F26E04D0243C0D7B0008CCDF /* SceneDelegate.swift in Sources */ = {isa = PBXBuildFile; fileRef = F26E04CF243C0D7B0008CCDF /* SceneDelegate.swift */; };
		F26E04D2243C0D7B0008CCDF /* ViewController.swift in Sources */ = {isa = PBXBuildFile; fileRef = F26E04D1243C0D7B0008CCDF /* ViewController.swift */; };
		F26E04D5243C0D7B0008CCDF /* Main.storyboard in Resources */ = {isa = PBXBuildFile; fileRef = F26E04D3243C0D7B0008CCDF /* Main.storyboard */; };
		F26E04DA243C0D7C0008CCDF /* LaunchScreen.storyboard in Resources */ = {isa = PBXBuildFile; fileRef = F26E04D8243C0D7C0008CCDF /* LaunchScreen.storyboard */; };
		F2F21D19243C21AB0016EA4C /* Localizable.strings in Resources */ = {isa = PBXBuildFile; fileRef = F2F21D16243C21AB0016EA4C /* Localizable.strings */; };
		F2F21D1A243C21AB0016EA4C /* Assets.xcassets in Resources */ = {isa = PBXBuildFile; fileRef = F2F21D17243C21AB0016EA4C /* Assets.xcassets */; };
		F2F21D1B243C21AB0016EA4C /* colors.txt in Resources */ = {isa = PBXBuildFile; fileRef = F2F21D18243C21AB0016EA4C /* colors.txt */; };
		F2F21D1F243C21C40016EA4C /* Strings.swift in Sources */ = {isa = PBXBuildFile; fileRef = F2F21D1C243C21C40016EA4C /* Strings.swift */; };
		F2F21D20243C21C40016EA4C /* Assets.swift in Sources */ = {isa = PBXBuildFile; fileRef = F2F21D1D243C21C40016EA4C /* Assets.swift */; };
		F2F21D21243C21C40016EA4C /* Colors.swift in Sources */ = {isa = PBXBuildFile; fileRef = F2F21D1E243C21C40016EA4C /* Colors.swift */; };
/* End PBXBuildFile section */

/* Begin PBXFileReference section */
		0A4DF8BC6F48D5A92CC4AD49 /* Pods-inchurch-ios-challenge.debug.xcconfig */ = {isa = PBXFileReference; includeInIndex = 1; lastKnownFileType = text.xcconfig; name = "Pods-inchurch-ios-challenge.debug.xcconfig"; path = "Target Support Files/Pods-inchurch-ios-challenge/Pods-inchurch-ios-challenge.debug.xcconfig"; sourceTree = "<group>"; };
		ADAF82B066978D671283B05F /* Pods_inchurch_ios_challenge.framework */ = {isa = PBXFileReference; explicitFileType = wrapper.framework; includeInIndex = 0; path = Pods_inchurch_ios_challenge.framework; sourceTree = BUILT_PRODUCTS_DIR; };
		AE7F325BBCBC8B340433BB67 /* Pods-inchurch-ios-challenge.release.xcconfig */ = {isa = PBXFileReference; includeInIndex = 1; lastKnownFileType = text.xcconfig; name = "Pods-inchurch-ios-challenge.release.xcconfig"; path = "Target Support Files/Pods-inchurch-ios-challenge/Pods-inchurch-ios-challenge.release.xcconfig"; sourceTree = "<group>"; };
		F26E04CA243C0D7B0008CCDF /* inchurch-ios-challenge.app */ = {isa = PBXFileReference; explicitFileType = wrapper.application; includeInIndex = 0; path = "inchurch-ios-challenge.app"; sourceTree = BUILT_PRODUCTS_DIR; };
		F26E04CD243C0D7B0008CCDF /* AppDelegate.swift */ = {isa = PBXFileReference; lastKnownFileType = sourcecode.swift; path = AppDelegate.swift; sourceTree = "<group>"; };
		F26E04CF243C0D7B0008CCDF /* SceneDelegate.swift */ = {isa = PBXFileReference; lastKnownFileType = sourcecode.swift; path = SceneDelegate.swift; sourceTree = "<group>"; };
		F26E04D1243C0D7B0008CCDF /* ViewController.swift */ = {isa = PBXFileReference; lastKnownFileType = sourcecode.swift; path = ViewController.swift; sourceTree = "<group>"; };
		F26E04D4243C0D7B0008CCDF /* Base */ = {isa = PBXFileReference; lastKnownFileType = file.storyboard; name = Base; path = Base.lproj/Main.storyboard; sourceTree = "<group>"; };
		F26E04D9243C0D7C0008CCDF /* Base */ = {isa = PBXFileReference; lastKnownFileType = file.storyboard; name = Base; path = Base.lproj/LaunchScreen.storyboard; sourceTree = "<group>"; };
		F26E04DB243C0D7C0008CCDF /* Info.plist */ = {isa = PBXFileReference; lastKnownFileType = text.plist.xml; path = Info.plist; sourceTree = "<group>"; };
		F2F21D16243C21AB0016EA4C /* Localizable.strings */ = {isa = PBXFileReference; fileEncoding = 4; lastKnownFileType = text.plist.strings; name = Localizable.strings; path = "inchurch-ios-challenge/Application/Resources/Generators/Localizable.strings"; sourceTree = SOURCE_ROOT; };
		F2F21D17243C21AB0016EA4C /* Assets.xcassets */ = {isa = PBXFileReference; lastKnownFileType = folder.assetcatalog; name = Assets.xcassets; path = "inchurch-ios-challenge/Application/Resources/Generators/Assets.xcassets"; sourceTree = SOURCE_ROOT; };
		F2F21D18243C21AB0016EA4C /* colors.txt */ = {isa = PBXFileReference; fileEncoding = 4; lastKnownFileType = text; name = colors.txt; path = "inchurch-ios-challenge/Application/Resources/Generators/colors.txt"; sourceTree = SOURCE_ROOT; };
		F2F21D1C243C21C40016EA4C /* Strings.swift */ = {isa = PBXFileReference; fileEncoding = 4; lastKnownFileType = sourcecode.swift; name = Strings.swift; path = "inchurch-ios-challenge/Application/Resources/Generated/Strings.swift"; sourceTree = SOURCE_ROOT; };
		F2F21D1D243C21C40016EA4C /* Assets.swift */ = {isa = PBXFileReference; fileEncoding = 4; lastKnownFileType = sourcecode.swift; name = Assets.swift; path = "inchurch-ios-challenge/Application/Resources/Generated/Assets.swift"; sourceTree = SOURCE_ROOT; };
		F2F21D1E243C21C40016EA4C /* Colors.swift */ = {isa = PBXFileReference; fileEncoding = 4; lastKnownFileType = sourcecode.swift; name = Colors.swift; path = "inchurch-ios-challenge/Application/Resources/Generated/Colors.swift"; sourceTree = SOURCE_ROOT; };
/* End PBXFileReference section */

/* Begin PBXFrameworksBuildPhase section */
		F26E04C7243C0D7B0008CCDF /* Frameworks */ = {
			isa = PBXFrameworksBuildPhase;
			buildActionMask = 2147483647;
			files = (
				D0AFDA4C8A2727B2A56D432C /* Pods_inchurch_ios_challenge.framework in Frameworks */,
			);
			runOnlyForDeploymentPostprocessing = 0;
		};
/* End PBXFrameworksBuildPhase section */

/* Begin PBXGroup section */
		7BF21E5E42E927D215423A5E /* Pods */ = {
			isa = PBXGroup;
			children = (
				0A4DF8BC6F48D5A92CC4AD49 /* Pods-inchurch-ios-challenge.debug.xcconfig */,
				AE7F325BBCBC8B340433BB67 /* Pods-inchurch-ios-challenge.release.xcconfig */,
			);
			path = Pods;
			sourceTree = "<group>";
		};
		A088816C310A72D56519CE78 /* Frameworks */ = {
			isa = PBXGroup;
			children = (
				ADAF82B066978D671283B05F /* Pods_inchurch_ios_challenge.framework */,
			);
			name = Frameworks;
			sourceTree = "<group>";
		};
		F2194CA5243C10BC000A068E /* Application */ = {
			isa = PBXGroup;
			children = (
				F293F1D8243C1BDD000F15DA /* Resources */,
				F26E04CF243C0D7B0008CCDF /* SceneDelegate.swift */,
				F26E04CD243C0D7B0008CCDF /* AppDelegate.swift */,
				F293F1D9243C1BF3000F15DA /* Generators */,
				F293F1E5243C1F10000F15DA /* Generated */,
			);
			path = Application;
			sourceTree = "<group>";
		};
		F2194CA7243C119E000A068E /* Controllers */ = {
			isa = PBXGroup;
			children = (
				F26E04D1243C0D7B0008CCDF /* ViewController.swift */,
			);
			path = Controllers;
			sourceTree = "<group>";
		};
		F2194CA8243C11AE000A068E /* Model */ = {
			isa = PBXGroup;
			children = (
			);
			path = Model;
			sourceTree = "<group>";
		};
		F2194CA9243C11BC000A068E /* Service */ = {
			isa = PBXGroup;
			children = (
			);
			path = Service;
			sourceTree = "<group>";
		};
		F2194CAA243C11C6000A068E /* ViewModel */ = {
			isa = PBXGroup;
			children = (
			);
			path = ViewModel;
			sourceTree = "<group>";
		};
		F2194CAB243C1218000A068E /* Base */ = {
			isa = PBXGroup;
			children = (
				F26E04D3243C0D7B0008CCDF /* Main.storyboard */,
				F26E04D8243C0D7C0008CCDF /* LaunchScreen.storyboard */,
			);
			path = Base;
			sourceTree = "<group>";
		};
		F26E04C1243C0D7B0008CCDF = {
			isa = PBXGroup;
			children = (
				F26E04CC243C0D7B0008CCDF /* inchurch-ios-challenge */,
				F26E04CB243C0D7B0008CCDF /* Products */,
				7BF21E5E42E927D215423A5E /* Pods */,
				A088816C310A72D56519CE78 /* Frameworks */,
			);
			sourceTree = "<group>";
		};
		F26E04CB243C0D7B0008CCDF /* Products */ = {
			isa = PBXGroup;
			children = (
				F26E04CA243C0D7B0008CCDF /* inchurch-ios-challenge.app */,
			);
			name = Products;
			sourceTree = "<group>";
		};
		F26E04CC243C0D7B0008CCDF /* inchurch-ios-challenge */ = {
			isa = PBXGroup;
			children = (
				F2194CA5243C10BC000A068E /* Application */,
				F2194CAB243C1218000A068E /* Base */,
				F2194CA7243C119E000A068E /* Controllers */,
				F2194CA8243C11AE000A068E /* Model */,
				F2194CA9243C11BC000A068E /* Service */,
				F2194CAA243C11C6000A068E /* ViewModel */,
				F26E04DB243C0D7C0008CCDF /* Info.plist */,
			);
			path = "inchurch-ios-challenge";
			sourceTree = "<group>";
		};
		F293F1D8243C1BDD000F15DA /* Resources */ = {
			isa = PBXGroup;
			children = (
			);
			path = Resources;
			sourceTree = "<group>";
		};
		F293F1D9243C1BF3000F15DA /* Generators */ = {
			isa = PBXGroup;
			children = (
				F2F21D17243C21AB0016EA4C /* Assets.xcassets */,
				F2F21D18243C21AB0016EA4C /* colors.txt */,
				F2F21D16243C21AB0016EA4C /* Localizable.strings */,
			);
			path = Generators;
			sourceTree = "<group>";
		};
		F293F1E5243C1F10000F15DA /* Generated */ = {
			isa = PBXGroup;
			children = (
				F2F21D1D243C21C40016EA4C /* Assets.swift */,
				F2F21D1E243C21C40016EA4C /* Colors.swift */,
				F2F21D1C243C21C40016EA4C /* Strings.swift */,
			);
			path = Generated;
			sourceTree = "<group>";
		};
/* End PBXGroup section */

/* Begin PBXNativeTarget section */
		F26E04C9243C0D7B0008CCDF /* inchurch-ios-challenge */ = {
			isa = PBXNativeTarget;
			buildConfigurationList = F26E04DE243C0D7C0008CCDF /* Build configuration list for PBXNativeTarget "inchurch-ios-challenge" */;
			buildPhases = (
				BE2443B1A2D6129B26538D29 /* [CP] Check Pods Manifest.lock */,
				F293F1D7243C19D1000F15DA /* SwiftGen */,
				F26E04C6243C0D7B0008CCDF /* Sources */,
				F26E04C7243C0D7B0008CCDF /* Frameworks */,
				F26E04C8243C0D7B0008CCDF /* Resources */,
			);
			buildRules = (
			);
			dependencies = (
			);
			name = "inchurch-ios-challenge";
			productName = "inchurch-ios-challenge";
			productReference = F26E04CA243C0D7B0008CCDF /* inchurch-ios-challenge.app */;
			productType = "com.apple.product-type.application";
		};
/* End PBXNativeTarget section */

/* Begin PBXProject section */
		F26E04C2243C0D7B0008CCDF /* Project object */ = {
			isa = PBXProject;
			attributes = {
				LastSwiftUpdateCheck = 1140;
				LastUpgradeCheck = 1140;
				ORGANIZATIONNAME = "José Matela Neto";
				TargetAttributes = {
					F26E04C9243C0D7B0008CCDF = {
						CreatedOnToolsVersion = 11.4;
					};
				};
			};
			buildConfigurationList = F26E04C5243C0D7B0008CCDF /* Build configuration list for PBXProject "inchurch-ios-challenge" */;
			compatibilityVersion = "Xcode 9.3";
			developmentRegion = en;
			hasScannedForEncodings = 0;
			knownRegions = (
				en,
				Base,
			);
			mainGroup = F26E04C1243C0D7B0008CCDF;
			productRefGroup = F26E04CB243C0D7B0008CCDF /* Products */;
			projectDirPath = "";
			projectRoot = "";
			targets = (
				F26E04C9243C0D7B0008CCDF /* inchurch-ios-challenge */,
			);
		};
/* End PBXProject section */

/* Begin PBXResourcesBuildPhase section */
		F26E04C8243C0D7B0008CCDF /* Resources */ = {
			isa = PBXResourcesBuildPhase;
			buildActionMask = 2147483647;
			files = (
				F2F21D19243C21AB0016EA4C /* Localizable.strings in Resources */,
				F2F21D1B243C21AB0016EA4C /* colors.txt in Resources */,
				F26E04DA243C0D7C0008CCDF /* LaunchScreen.storyboard in Resources */,
				F2F21D1A243C21AB0016EA4C /* Assets.xcassets in Resources */,
				F26E04D5243C0D7B0008CCDF /* Main.storyboard in Resources */,
			);
			runOnlyForDeploymentPostprocessing = 0;
		};
/* End PBXResourcesBuildPhase section */

/* Begin PBXShellScriptBuildPhase section */
		BE2443B1A2D6129B26538D29 /* [CP] Check Pods Manifest.lock */ = {
			isa = PBXShellScriptBuildPhase;
			buildActionMask = 2147483647;
			files = (
			);
			inputFileListPaths = (
			);
			inputPaths = (
				"${PODS_PODFILE_DIR_PATH}/Podfile.lock",
				"${PODS_ROOT}/Manifest.lock",
			);
			name = "[CP] Check Pods Manifest.lock";
			outputFileListPaths = (
			);
			outputPaths = (
				"$(DERIVED_FILE_DIR)/Pods-inchurch-ios-challenge-checkManifestLockResult.txt",
			);
			runOnlyForDeploymentPostprocessing = 0;
			shellPath = /bin/sh;
			shellScript = "diff \"${PODS_PODFILE_DIR_PATH}/Podfile.lock\" \"${PODS_ROOT}/Manifest.lock\" > /dev/null\nif [ $? != 0 ] ; then\n    # print error to STDERR\n    echo \"error: The sandbox is not in sync with the Podfile.lock. Run 'pod install' or update your CocoaPods installation.\" >&2\n    exit 1\nfi\n# This output is used by Xcode 'outputs' to avoid re-running this script phase.\necho \"SUCCESS\" > \"${SCRIPT_OUTPUT_FILE_0}\"\n";
			showEnvVarsInLog = 0;
		};
		F293F1D7243C19D1000F15DA /* SwiftGen */ = {
			isa = PBXShellScriptBuildPhase;
			buildActionMask = 2147483647;
			files = (
			);
			inputFileListPaths = (
			);
			inputPaths = (
			);
			name = SwiftGen;
			outputFileListPaths = (
			);
			outputPaths = (
			);
			runOnlyForDeploymentPostprocessing = 0;
			shellPath = /bin/sh;
			shellScript = "$PODS_ROOT/SwiftGen/bin/swiftgen\n";
		};
/* End PBXShellScriptBuildPhase section */

/* Begin PBXSourcesBuildPhase section */
		F26E04C6243C0D7B0008CCDF /* Sources */ = {
			isa = PBXSourcesBuildPhase;
			buildActionMask = 2147483647;
			files = (
				F26E04D2243C0D7B0008CCDF /* ViewController.swift in Sources */,
				F2F21D21243C21C40016EA4C /* Colors.swift in Sources */,
				F2F21D20243C21C40016EA4C /* Assets.swift in Sources */,
				F26E04CE243C0D7B0008CCDF /* AppDelegate.swift in Sources */,
				F26E04D0243C0D7B0008CCDF /* SceneDelegate.swift in Sources */,
				F2F21D1F243C21C40016EA4C /* Strings.swift in Sources */,
			);
			runOnlyForDeploymentPostprocessing = 0;
		};
/* End PBXSourcesBuildPhase section */

/* Begin PBXVariantGroup section */
		F26E04D3243C0D7B0008CCDF /* Main.storyboard */ = {
			isa = PBXVariantGroup;
			children = (
				F26E04D4243C0D7B0008CCDF /* Base */,
			);
			name = Main.storyboard;
			sourceTree = "<group>";
		};
		F26E04D8243C0D7C0008CCDF /* LaunchScreen.storyboard */ = {
			isa = PBXVariantGroup;
			children = (
				F26E04D9243C0D7C0008CCDF /* Base */,
			);
			name = LaunchScreen.storyboard;
			sourceTree = "<group>";
		};
/* End PBXVariantGroup section */

/* Begin XCBuildConfiguration section */
		F26E04DC243C0D7C0008CCDF /* Debug */ = {
			isa = XCBuildConfiguration;
			buildSettings = {
				ALWAYS_SEARCH_USER_PATHS = NO;
				CLANG_ANALYZER_NONNULL = YES;
				CLANG_ANALYZER_NUMBER_OBJECT_CONVERSION = YES_AGGRESSIVE;
				CLANG_CXX_LANGUAGE_STANDARD = "gnu++14";
				CLANG_CXX_LIBRARY = "libc++";
				CLANG_ENABLE_MODULES = YES;
				CLANG_ENABLE_OBJC_ARC = YES;
				CLANG_ENABLE_OBJC_WEAK = YES;
				CLANG_WARN_BLOCK_CAPTURE_AUTORELEASING = YES;
				CLANG_WARN_BOOL_CONVERSION = YES;
				CLANG_WARN_COMMA = YES;
				CLANG_WARN_CONSTANT_CONVERSION = YES;
				CLANG_WARN_DEPRECATED_OBJC_IMPLEMENTATIONS = YES;
				CLANG_WARN_DIRECT_OBJC_ISA_USAGE = YES_ERROR;
				CLANG_WARN_DOCUMENTATION_COMMENTS = YES;
				CLANG_WARN_EMPTY_BODY = YES;
				CLANG_WARN_ENUM_CONVERSION = YES;
				CLANG_WARN_INFINITE_RECURSION = YES;
				CLANG_WARN_INT_CONVERSION = YES;
				CLANG_WARN_NON_LITERAL_NULL_CONVERSION = YES;
				CLANG_WARN_OBJC_IMPLICIT_RETAIN_SELF = YES;
				CLANG_WARN_OBJC_LITERAL_CONVERSION = YES;
				CLANG_WARN_OBJC_ROOT_CLASS = YES_ERROR;
				CLANG_WARN_RANGE_LOOP_ANALYSIS = YES;
				CLANG_WARN_STRICT_PROTOTYPES = YES;
				CLANG_WARN_SUSPICIOUS_MOVE = YES;
				CLANG_WARN_UNGUARDED_AVAILABILITY = YES_AGGRESSIVE;
				CLANG_WARN_UNREACHABLE_CODE = YES;
				CLANG_WARN__DUPLICATE_METHOD_MATCH = YES;
				COPY_PHASE_STRIP = NO;
				DEBUG_INFORMATION_FORMAT = dwarf;
				ENABLE_STRICT_OBJC_MSGSEND = YES;
				ENABLE_TESTABILITY = YES;
				GCC_C_LANGUAGE_STANDARD = gnu11;
				GCC_DYNAMIC_NO_PIC = NO;
				GCC_NO_COMMON_BLOCKS = YES;
				GCC_OPTIMIZATION_LEVEL = 0;
				GCC_PREPROCESSOR_DEFINITIONS = (
					"DEBUG=1",
					"$(inherited)",
				);
				GCC_WARN_64_TO_32_BIT_CONVERSION = YES;
				GCC_WARN_ABOUT_RETURN_TYPE = YES_ERROR;
				GCC_WARN_UNDECLARED_SELECTOR = YES;
				GCC_WARN_UNINITIALIZED_AUTOS = YES_AGGRESSIVE;
				GCC_WARN_UNUSED_FUNCTION = YES;
				GCC_WARN_UNUSED_VARIABLE = YES;
				IPHONEOS_DEPLOYMENT_TARGET = 13.4;
				MTL_ENABLE_DEBUG_INFO = INCLUDE_SOURCE;
				MTL_FAST_MATH = YES;
				ONLY_ACTIVE_ARCH = YES;
				SDKROOT = iphoneos;
				SWIFT_ACTIVE_COMPILATION_CONDITIONS = DEBUG;
				SWIFT_OPTIMIZATION_LEVEL = "-Onone";
			};
			name = Debug;
		};
		F26E04DD243C0D7C0008CCDF /* Release */ = {
			isa = XCBuildConfiguration;
			buildSettings = {
				ALWAYS_SEARCH_USER_PATHS = NO;
				CLANG_ANALYZER_NONNULL = YES;
				CLANG_ANALYZER_NUMBER_OBJECT_CONVERSION = YES_AGGRESSIVE;
				CLANG_CXX_LANGUAGE_STANDARD = "gnu++14";
				CLANG_CXX_LIBRARY = "libc++";
				CLANG_ENABLE_MODULES = YES;
				CLANG_ENABLE_OBJC_ARC = YES;
				CLANG_ENABLE_OBJC_WEAK = YES;
				CLANG_WARN_BLOCK_CAPTURE_AUTORELEASING = YES;
				CLANG_WARN_BOOL_CONVERSION = YES;
				CLANG_WARN_COMMA = YES;
				CLANG_WARN_CONSTANT_CONVERSION = YES;
				CLANG_WARN_DEPRECATED_OBJC_IMPLEMENTATIONS = YES;
				CLANG_WARN_DIRECT_OBJC_ISA_USAGE = YES_ERROR;
				CLANG_WARN_DOCUMENTATION_COMMENTS = YES;
				CLANG_WARN_EMPTY_BODY = YES;
				CLANG_WARN_ENUM_CONVERSION = YES;
				CLANG_WARN_INFINITE_RECURSION = YES;
				CLANG_WARN_INT_CONVERSION = YES;
				CLANG_WARN_NON_LITERAL_NULL_CONVERSION = YES;
				CLANG_WARN_OBJC_IMPLICIT_RETAIN_SELF = YES;
				CLANG_WARN_OBJC_LITERAL_CONVERSION = YES;
				CLANG_WARN_OBJC_ROOT_CLASS = YES_ERROR;
				CLANG_WARN_RANGE_LOOP_ANALYSIS = YES;
				CLANG_WARN_STRICT_PROTOTYPES = YES;
				CLANG_WARN_SUSPICIOUS_MOVE = YES;
				CLANG_WARN_UNGUARDED_AVAILABILITY = YES_AGGRESSIVE;
				CLANG_WARN_UNREACHABLE_CODE = YES;
				CLANG_WARN__DUPLICATE_METHOD_MATCH = YES;
				COPY_PHASE_STRIP = NO;
				DEBUG_INFORMATION_FORMAT = "dwarf-with-dsym";
				ENABLE_NS_ASSERTIONS = NO;
				ENABLE_STRICT_OBJC_MSGSEND = YES;
				GCC_C_LANGUAGE_STANDARD = gnu11;
				GCC_NO_COMMON_BLOCKS = YES;
				GCC_WARN_64_TO_32_BIT_CONVERSION = YES;
				GCC_WARN_ABOUT_RETURN_TYPE = YES_ERROR;
				GCC_WARN_UNDECLARED_SELECTOR = YES;
				GCC_WARN_UNINITIALIZED_AUTOS = YES_AGGRESSIVE;
				GCC_WARN_UNUSED_FUNCTION = YES;
				GCC_WARN_UNUSED_VARIABLE = YES;
				IPHONEOS_DEPLOYMENT_TARGET = 13.4;
				MTL_ENABLE_DEBUG_INFO = NO;
				MTL_FAST_MATH = YES;
				SDKROOT = iphoneos;
				SWIFT_COMPILATION_MODE = wholemodule;
				SWIFT_OPTIMIZATION_LEVEL = "-O";
				VALIDATE_PRODUCT = YES;
			};
			name = Release;
		};
		F26E04DF243C0D7C0008CCDF /* Debug */ = {
			isa = XCBuildConfiguration;
			baseConfigurationReference = 0A4DF8BC6F48D5A92CC4AD49 /* Pods-inchurch-ios-challenge.debug.xcconfig */;
			buildSettings = {
				ASSETCATALOG_COMPILER_APPICON_NAME = AppIcon;
				CODE_SIGN_STYLE = Automatic;
				DEVELOPMENT_TEAM = 6R73P3M5QG;
				INFOPLIST_FILE = "inchurch-ios-challenge/Info.plist";
				LD_RUNPATH_SEARCH_PATHS = (
					"$(inherited)",
					"@executable_path/Frameworks",
				);
				PRODUCT_BUNDLE_IDENTIFIER = "matela.inchurch-ios-challenge";
				PRODUCT_NAME = "$(TARGET_NAME)";
				SWIFT_VERSION = 5.0;
				TARGETED_DEVICE_FAMILY = "1,2";
			};
			name = Debug;
		};
		F26E04E0243C0D7C0008CCDF /* Release */ = {
			isa = XCBuildConfiguration;
			baseConfigurationReference = AE7F325BBCBC8B340433BB67 /* Pods-inchurch-ios-challenge.release.xcconfig */;
			buildSettings = {
				ASSETCATALOG_COMPILER_APPICON_NAME = AppIcon;
				CODE_SIGN_STYLE = Automatic;
				DEVELOPMENT_TEAM = 6R73P3M5QG;
				INFOPLIST_FILE = "inchurch-ios-challenge/Info.plist";
				LD_RUNPATH_SEARCH_PATHS = (
					"$(inherited)",
					"@executable_path/Frameworks",
				);
				PRODUCT_BUNDLE_IDENTIFIER = "matela.inchurch-ios-challenge";
				PRODUCT_NAME = "$(TARGET_NAME)";
				SWIFT_VERSION = 5.0;
				TARGETED_DEVICE_FAMILY = "1,2";
			};
			name = Release;
		};
/* End XCBuildConfiguration section */

/* Begin XCConfigurationList section */
		F26E04C5243C0D7B0008CCDF /* Build configuration list for PBXProject "inchurch-ios-challenge" */ = {
			isa = XCConfigurationList;
			buildConfigurations = (
				F26E04DC243C0D7C0008CCDF /* Debug */,
				F26E04DD243C0D7C0008CCDF /* Release */,
			);
			defaultConfigurationIsVisible = 0;
			defaultConfigurationName = Release;
		};
		F26E04DE243C0D7C0008CCDF /* Build configuration list for PBXNativeTarget "inchurch-ios-challenge" */ = {
			isa = XCConfigurationList;
			buildConfigurations = (
				F26E04DF243C0D7C0008CCDF /* Debug */,
				F26E04E0243C0D7C0008CCDF /* Release */,
			);
			defaultConfigurationIsVisible = 0;
			defaultConfigurationName = Release;
		};
/* End XCConfigurationList section */
	};
	rootObject = F26E04C2243C0D7B0008CCDF /* Project object */;
}
